// !$*UTF8*$!
{
	archiveVersion = 1;
	classes = {
	};
	objectVersion = 55;
	objects = {

/* Begin PBXBuildFile section */
		E11C599B28F725C200D23048 /* Tests_iOS.swift in Sources */ = {isa = PBXBuildFile; fileRef = E11C599A28F725C200D23048 /* Tests_iOS.swift */; };
		E11C599D28F725C200D23048 /* Tests_iOSLaunchTests.swift in Sources */ = {isa = PBXBuildFile; fileRef = E11C599C28F725C200D23048 /* Tests_iOSLaunchTests.swift */; };
		E11C59A728F725C200D23048 /* Tests_macOS.swift in Sources */ = {isa = PBXBuildFile; fileRef = E11C59A628F725C200D23048 /* Tests_macOS.swift */; };
		E11C59A928F725C200D23048 /* Tests_macOSLaunchTests.swift in Sources */ = {isa = PBXBuildFile; fileRef = E11C59A828F725C200D23048 /* Tests_macOSLaunchTests.swift */; };
		E11C59AA28F725C200D23048 /* CourseOrganizerApp.swift in Sources */ = {isa = PBXBuildFile; fileRef = E11C598228F725C100D23048 /* CourseOrganizerApp.swift */; };
		E11C59AB28F725C200D23048 /* CourseOrganizerApp.swift in Sources */ = {isa = PBXBuildFile; fileRef = E11C598228F725C100D23048 /* CourseOrganizerApp.swift */; };
		E11C59AC28F725C200D23048 /* ContentView.swift in Sources */ = {isa = PBXBuildFile; fileRef = E11C598328F725C100D23048 /* ContentView.swift */; };
		E11C59AD28F725C200D23048 /* ContentView.swift in Sources */ = {isa = PBXBuildFile; fileRef = E11C598328F725C100D23048 /* ContentView.swift */; };
		E11C59AE28F725C200D23048 /* Assets.xcassets in Resources */ = {isa = PBXBuildFile; fileRef = E11C598428F725C200D23048 /* Assets.xcassets */; };
		E11C59AF28F725C200D23048 /* Assets.xcassets in Resources */ = {isa = PBXBuildFile; fileRef = E11C598428F725C200D23048 /* Assets.xcassets */; };
/* End PBXBuildFile section */

/* Begin PBXContainerItemProxy section */
		E11C599728F725C200D23048 /* PBXContainerItemProxy */ = {
			isa = PBXContainerItemProxy;
			containerPortal = E11C597D28F725C000D23048 /* Project object */;
			proxyType = 1;
			remoteGlobalIDString = E11C598828F725C200D23048;
			remoteInfo = "CourseOrganizer (iOS)";
		};
		E11C59A328F725C200D23048 /* PBXContainerItemProxy */ = {
			isa = PBXContainerItemProxy;
			containerPortal = E11C597D28F725C000D23048 /* Project object */;
			proxyType = 1;
			remoteGlobalIDString = E11C598E28F725C200D23048;
			remoteInfo = "CourseOrganizer (macOS)";
		};
/* End PBXContainerItemProxy section */

/* Begin PBXFileReference section */
		E11C598228F725C100D23048 /* CourseOrganizerApp.swift */ = {isa = PBXFileReference; lastKnownFileType = sourcecode.swift; path = CourseOrganizerApp.swift; sourceTree = "<group>"; };
		E11C598328F725C100D23048 /* ContentView.swift */ = {isa = PBXFileReference; lastKnownFileType = sourcecode.swift; path = ContentView.swift; sourceTree = "<group>"; };
		E11C598428F725C200D23048 /* Assets.xcassets */ = {isa = PBXFileReference; lastKnownFileType = folder.assetcatalog; path = Assets.xcassets; sourceTree = "<group>"; };
		E11C598928F725C200D23048 /* CourseOrganizer.app */ = {isa = PBXFileReference; explicitFileType = wrapper.application; includeInIndex = 0; path = CourseOrganizer.app; sourceTree = BUILT_PRODUCTS_DIR; };
		E11C598F28F725C200D23048 /* CourseOrganizer.app */ = {isa = PBXFileReference; explicitFileType = wrapper.application; includeInIndex = 0; path = CourseOrganizer.app; sourceTree = BUILT_PRODUCTS_DIR; };
		E11C599128F725C200D23048 /* macOS.entitlements */ = {isa = PBXFileReference; lastKnownFileType = text.plist.entitlements; path = macOS.entitlements; sourceTree = "<group>"; };
		E11C599628F725C200D23048 /* Tests iOS.xctest */ = {isa = PBXFileReference; explicitFileType = wrapper.cfbundle; includeInIndex = 0; path = "Tests iOS.xctest"; sourceTree = BUILT_PRODUCTS_DIR; };
		E11C599A28F725C200D23048 /* Tests_iOS.swift */ = {isa = PBXFileReference; lastKnownFileType = sourcecode.swift; path = Tests_iOS.swift; sourceTree = "<group>"; };
		E11C599C28F725C200D23048 /* Tests_iOSLaunchTests.swift */ = {isa = PBXFileReference; lastKnownFileType = sourcecode.swift; path = Tests_iOSLaunchTests.swift; sourceTree = "<group>"; };
		E11C59A228F725C200D23048 /* Tests macOS.xctest */ = {isa = PBXFileReference; explicitFileType = wrapper.cfbundle; includeInIndex = 0; path = "Tests macOS.xctest"; sourceTree = BUILT_PRODUCTS_DIR; };
		E11C59A628F725C200D23048 /* Tests_macOS.swift */ = {isa = PBXFileReference; lastKnownFileType = sourcecode.swift; path = Tests_macOS.swift; sourceTree = "<group>"; };
		E11C59A828F725C200D23048 /* Tests_macOSLaunchTests.swift */ = {isa = PBXFileReference; lastKnownFileType = sourcecode.swift; path = Tests_macOSLaunchTests.swift; sourceTree = "<group>"; };
/* End PBXFileReference section */

/* Begin PBXFrameworksBuildPhase section */
		E11C598628F725C200D23048 /* Frameworks */ = {
			isa = PBXFrameworksBuildPhase;
			buildActionMask = 2147483647;
			files = (
			);
			runOnlyForDeploymentPostprocessing = 0;
		};
		E11C598C28F725C200D23048 /* Frameworks */ = {
			isa = PBXFrameworksBuildPhase;
			buildActionMask = 2147483647;
			files = (
			);
			runOnlyForDeploymentPostprocessing = 0;
		};
		E11C599328F725C200D23048 /* Frameworks */ = {
			isa = PBXFrameworksBuildPhase;
			buildActionMask = 2147483647;
			files = (
			);
			runOnlyForDeploymentPostprocessing = 0;
		};
		E11C599F28F725C200D23048 /* Frameworks */ = {
			isa = PBXFrameworksBuildPhase;
			buildActionMask = 2147483647;
			files = (
			);
			runOnlyForDeploymentPostprocessing = 0;
		};
/* End PBXFrameworksBuildPhase section */

/* Begin PBXGroup section */
		E11C597C28F725C000D23048 = {
			isa = PBXGroup;
			children = (
				E11C598128F725C100D23048 /* Shared */,
				E11C599028F725C200D23048 /* macOS */,
				E11C599928F725C200D23048 /* Tests iOS */,
				E11C59A528F725C200D23048 /* Tests macOS */,
				E11C598A28F725C200D23048 /* Products */,
			);
			sourceTree = "<group>";
		};
		E11C598128F725C100D23048 /* Shared */ = {
			isa = PBXGroup;
			children = (
				E11C598228F725C100D23048 /* CourseOrganizerApp.swift */,
				E11C598328F725C100D23048 /* ContentView.swift */,
				E11C598428F725C200D23048 /* Assets.xcassets */,
			);
			path = Shared;
			sourceTree = "<group>";
		};
		E11C598A28F725C200D23048 /* Products */ = {
			isa = PBXGroup;
			children = (
				E11C598928F725C200D23048 /* CourseOrganizer.app */,
				E11C598F28F725C200D23048 /* CourseOrganizer.app */,
				E11C599628F725C200D23048 /* Tests iOS.xctest */,
				E11C59A228F725C200D23048 /* Tests macOS.xctest */,
			);
			name = Products;
			sourceTree = "<group>";
		};
		E11C599028F725C200D23048 /* macOS */ = {
			isa = PBXGroup;
			children = (
				E11C599128F725C200D23048 /* macOS.entitlements */,
			);
			path = macOS;
			sourceTree = "<group>";
		};
		E11C599928F725C200D23048 /* Tests iOS */ = {
			isa = PBXGroup;
			children = (
				E11C599A28F725C200D23048 /* Tests_iOS.swift */,
				E11C599C28F725C200D23048 /* Tests_iOSLaunchTests.swift */,
			);
			path = "Tests iOS";
			sourceTree = "<group>";
		};
		E11C59A528F725C200D23048 /* Tests macOS */ = {
			isa = PBXGroup;
			children = (
				E11C59A628F725C200D23048 /* Tests_macOS.swift */,
				E11C59A828F725C200D23048 /* Tests_macOSLaunchTests.swift */,
			);
			path = "Tests macOS";
			sourceTree = "<group>";
		};
/* End PBXGroup section */

/* Begin PBXNativeTarget section */
		E11C598828F725C200D23048 /* CourseOrganizer (iOS) */ = {
			isa = PBXNativeTarget;
			buildConfigurationList = E11C59B228F725C200D23048 /* Build configuration list for PBXNativeTarget "CourseOrganizer (iOS)" */;
			buildPhases = (
				E11C598528F725C200D23048 /* Sources */,
				E11C598628F725C200D23048 /* Frameworks */,
				E11C598728F725C200D23048 /* Resources */,
			);
			buildRules = (
			);
			dependencies = (
			);
			name = "CourseOrganizer (iOS)";
			productName = "CourseOrganizer (iOS)";
			productReference = E11C598928F725C200D23048 /* CourseOrganizer.app */;
			productType = "com.apple.product-type.application";
		};
		E11C598E28F725C200D23048 /* CourseOrganizer (macOS) */ = {
			isa = PBXNativeTarget;
			buildConfigurationList = E11C59B528F725C200D23048 /* Build configuration list for PBXNativeTarget "CourseOrganizer (macOS)" */;
			buildPhases = (
				E11C598B28F725C200D23048 /* Sources */,
				E11C598C28F725C200D23048 /* Frameworks */,
				E11C598D28F725C200D23048 /* Resources */,
			);
			buildRules = (
			);
			dependencies = (
			);
			name = "CourseOrganizer (macOS)";
			productName = "CourseOrganizer (macOS)";
			productReference = E11C598F28F725C200D23048 /* CourseOrganizer.app */;
			productType = "com.apple.product-type.application";
		};
		E11C599528F725C200D23048 /* Tests iOS */ = {
			isa = PBXNativeTarget;
			buildConfigurationList = E11C59B828F725C200D23048 /* Build configuration list for PBXNativeTarget "Tests iOS" */;
			buildPhases = (
				E11C599228F725C200D23048 /* Sources */,
				E11C599328F725C200D23048 /* Frameworks */,
				E11C599428F725C200D23048 /* Resources */,
			);
			buildRules = (
			);
			dependencies = (
				E11C599828F725C200D23048 /* PBXTargetDependency */,
			);
			name = "Tests iOS";
			productName = "Tests iOS";
			productReference = E11C599628F725C200D23048 /* Tests iOS.xctest */;
			productType = "com.apple.product-type.bundle.ui-testing";
		};
		E11C59A128F725C200D23048 /* Tests macOS */ = {
			isa = PBXNativeTarget;
			buildConfigurationList = E11C59BB28F725C200D23048 /* Build configuration list for PBXNativeTarget "Tests macOS" */;
			buildPhases = (
				E11C599E28F725C200D23048 /* Sources */,
				E11C599F28F725C200D23048 /* Frameworks */,
				E11C59A028F725C200D23048 /* Resources */,
			);
			buildRules = (
			);
			dependencies = (
				E11C59A428F725C200D23048 /* PBXTargetDependency */,
			);
			name = "Tests macOS";
			productName = "Tests macOS";
			productReference = E11C59A228F725C200D23048 /* Tests macOS.xctest */;
			productType = "com.apple.product-type.bundle.ui-testing";
		};
/* End PBXNativeTarget section */

/* Begin PBXProject section */
		E11C597D28F725C000D23048 /* Project object */ = {
			isa = PBXProject;
			attributes = {
				BuildIndependentTargetsInParallel = 1;
				LastSwiftUpdateCheck = 1340;
				LastUpgradeCheck = 1340;
				TargetAttributes = {
					E11C598828F725C200D23048 = {
						CreatedOnToolsVersion = 13.4.1;
					};
					E11C598E28F725C200D23048 = {
						CreatedOnToolsVersion = 13.4.1;
					};
					E11C599528F725C200D23048 = {
						CreatedOnToolsVersion = 13.4.1;
						TestTargetID = E11C598828F725C200D23048;
					};
					E11C59A128F725C200D23048 = {
						CreatedOnToolsVersion = 13.4.1;
						TestTargetID = E11C598E28F725C200D23048;
					};
				};
			};
			buildConfigurationList = E11C598028F725C000D23048 /* Build configuration list for PBXProject "CourseOrganizer" */;
			compatibilityVersion = "Xcode 13.0";
			developmentRegion = en;
			hasScannedForEncodings = 0;
			knownRegions = (
				en,
				Base,
			);
			mainGroup = E11C597C28F725C000D23048;
			productRefGroup = E11C598A28F725C200D23048 /* Products */;
			projectDirPath = "";
			projectRoot = "";
			targets = (
				E11C598828F725C200D23048 /* CourseOrganizer (iOS) */,
				E11C598E28F725C200D23048 /* CourseOrganizer (macOS) */,
				E11C599528F725C200D23048 /* Tests iOS */,
				E11C59A128F725C200D23048 /* Tests macOS */,
			);
		};
/* End PBXProject section */

/* Begin PBXResourcesBuildPhase section */
		E11C598728F725C200D23048 /* Resources */ = {
			isa = PBXResourcesBuildPhase;
			buildActionMask = 2147483647;
			files = (
				E11C59AE28F725C200D23048 /* Assets.xcassets in Resources */,
			);
			runOnlyForDeploymentPostprocessing = 0;
		};
		E11C598D28F725C200D23048 /* Resources */ = {
			isa = PBXResourcesBuildPhase;
			buildActionMask = 2147483647;
			files = (
				E11C59AF28F725C200D23048 /* Assets.xcassets in Resources */,
			);
			runOnlyForDeploymentPostprocessing = 0;
		};
		E11C599428F725C200D23048 /* Resources */ = {
			isa = PBXResourcesBuildPhase;
			buildActionMask = 2147483647;
			files = (
			);
			runOnlyForDeploymentPostprocessing = 0;
		};
		E11C59A028F725C200D23048 /* Resources */ = {
			isa = PBXResourcesBuildPhase;
			buildActionMask = 2147483647;
			files = (
			);
			runOnlyForDeploymentPostprocessing = 0;
		};
/* End PBXResourcesBuildPhase section */

/* Begin PBXSourcesBuildPhase section */
		E11C598528F725C200D23048 /* Sources */ = {
			isa = PBXSourcesBuildPhase;
			buildActionMask = 2147483647;
			files = (
				E11C59AC28F725C200D23048 /* ContentView.swift in Sources */,
				E11C59AA28F725C200D23048 /* CourseOrganizerApp.swift in Sources */,
			);
			runOnlyForDeploymentPostprocessing = 0;
		};
		E11C598B28F725C200D23048 /* Sources */ = {
			isa = PBXSourcesBuildPhase;
			buildActionMask = 2147483647;
			files = (
				E11C59AD28F725C200D23048 /* ContentView.swift in Sources */,
				E11C59AB28F725C200D23048 /* CourseOrganizerApp.swift in Sources */,
			);
			runOnlyForDeploymentPostprocessing = 0;
		};
		E11C599228F725C200D23048 /* Sources */ = {
			isa = PBXSourcesBuildPhase;
			buildActionMask = 2147483647;
			files = (
				E11C599D28F725C200D23048 /* Tests_iOSLaunchTests.swift in Sources */,
				E11C599B28F725C200D23048 /* Tests_iOS.swift in Sources */,
			);
			runOnlyForDeploymentPostprocessing = 0;
		};
		E11C599E28F725C200D23048 /* Sources */ = {
			isa = PBXSourcesBuildPhase;
			buildActionMask = 2147483647;
			files = (
				E11C59A928F725C200D23048 /* Tests_macOSLaunchTests.swift in Sources */,
				E11C59A728F725C200D23048 /* Tests_macOS.swift in Sources */,
			);
			runOnlyForDeploymentPostprocessing = 0;
		};
/* End PBXSourcesBuildPhase section */

/* Begin PBXTargetDependency section */
		E11C599828F725C200D23048 /* PBXTargetDependency */ = {
			isa = PBXTargetDependency;
			target = E11C598828F725C200D23048 /* CourseOrganizer (iOS) */;
			targetProxy = E11C599728F725C200D23048 /* PBXContainerItemProxy */;
		};
		E11C59A428F725C200D23048 /* PBXTargetDependency */ = {
			isa = PBXTargetDependency;
			target = E11C598E28F725C200D23048 /* CourseOrganizer (macOS) */;
			targetProxy = E11C59A328F725C200D23048 /* PBXContainerItemProxy */;
		};
/* End PBXTargetDependency section */

/* Begin XCBuildConfiguration section */
		E11C59B028F725C200D23048 /* Debug */ = {
			isa = XCBuildConfiguration;
			buildSettings = {
				ALWAYS_SEARCH_USER_PATHS = NO;
				CLANG_ANALYZER_NONNULL = YES;
				CLANG_ANALYZER_NUMBER_OBJECT_CONVERSION = YES_AGGRESSIVE;
				CLANG_CXX_LANGUAGE_STANDARD = "gnu++17";
				CLANG_ENABLE_MODULES = YES;
				CLANG_ENABLE_OBJC_ARC = YES;
				CLANG_ENABLE_OBJC_WEAK = YES;
				CLANG_WARN_BLOCK_CAPTURE_AUTORELEASING = YES;
				CLANG_WARN_BOOL_CONVERSION = YES;
				CLANG_WARN_COMMA = YES;
				CLANG_WARN_CONSTANT_CONVERSION = YES;
				CLANG_WARN_DEPRECATED_OBJC_IMPLEMENTATIONS = YES;
				CLANG_WARN_DIRECT_OBJC_ISA_USAGE = YES_ERROR;
				CLANG_WARN_DOCUMENTATION_COMMENTS = YES;
				CLANG_WARN_EMPTY_BODY = YES;
				CLANG_WARN_ENUM_CONVERSION = YES;
				CLANG_WARN_INFINITE_RECURSION = YES;
				CLANG_WARN_INT_CONVERSION = YES;
				CLANG_WARN_NON_LITERAL_NULL_CONVERSION = YES;
				CLANG_WARN_OBJC_IMPLICIT_RETAIN_SELF = YES;
				CLANG_WARN_OBJC_LITERAL_CONVERSION = YES;
				CLANG_WARN_OBJC_ROOT_CLASS = YES_ERROR;
				CLANG_WARN_QUOTED_INCLUDE_IN_FRAMEWORK_HEADER = YES;
				CLANG_WARN_RANGE_LOOP_ANALYSIS = YES;
				CLANG_WARN_STRICT_PROTOTYPES = YES;
				CLANG_WARN_SUSPICIOUS_MOVE = YES;
				CLANG_WARN_UNGUARDED_AVAILABILITY = YES_AGGRESSIVE;
				CLANG_WARN_UNREACHABLE_CODE = YES;
				CLANG_WARN__DUPLICATE_METHOD_MATCH = YES;
				COPY_PHASE_STRIP = NO;
				DEBUG_INFORMATION_FORMAT = dwarf;
				ENABLE_STRICT_OBJC_MSGSEND = YES;
				ENABLE_TESTABILITY = YES;
				GCC_C_LANGUAGE_STANDARD = gnu11;
				GCC_DYNAMIC_NO_PIC = NO;
				GCC_NO_COMMON_BLOCKS = YES;
				GCC_OPTIMIZATION_LEVEL = 0;
				GCC_PREPROCESSOR_DEFINITIONS = (
					"DEBUG=1",
					"$(inherited)",
				);
				GCC_WARN_64_TO_32_BIT_CONVERSION = YES;
				GCC_WARN_ABOUT_RETURN_TYPE = YES_ERROR;
				GCC_WARN_UNDECLARED_SELECTOR = YES;
				GCC_WARN_UNINITIALIZED_AUTOS = YES_AGGRESSIVE;
				GCC_WARN_UNUSED_FUNCTION = YES;
				GCC_WARN_UNUSED_VARIABLE = YES;
				MTL_ENABLE_DEBUG_INFO = INCLUDE_SOURCE;
				MTL_FAST_MATH = YES;
				ONLY_ACTIVE_ARCH = YES;
				SWIFT_ACTIVE_COMPILATION_CONDITIONS = DEBUG;
				SWIFT_OPTIMIZATION_LEVEL = "-Onone";
			};
			name = Debug;
		};
		E11C59B128F725C200D23048 /* Release */ = {
			isa = XCBuildConfiguration;
			buildSettings = {
				ALWAYS_SEARCH_USER_PATHS = NO;
				CLANG_ANALYZER_NONNULL = YES;
				CLANG_ANALYZER_NUMBER_OBJECT_CONVERSION = YES_AGGRESSIVE;
				CLANG_CXX_LANGUAGE_STANDARD = "gnu++17";
				CLANG_ENABLE_MODULES = YES;
				CLANG_ENABLE_OBJC_ARC = YES;
				CLANG_ENABLE_OBJC_WEAK = YES;
				CLANG_WARN_BLOCK_CAPTURE_AUTORELEASING = YES;
				CLANG_WARN_BOOL_CONVERSION = YES;
				CLANG_WARN_COMMA = YES;
				CLANG_WARN_CONSTANT_CONVERSION = YES;
				CLANG_WARN_DEPRECATED_OBJC_IMPLEMENTATIONS = YES;
				CLANG_WARN_DIRECT_OBJC_ISA_USAGE = YES_ERROR;
				CLANG_WARN_DOCUMENTATION_COMMENTS = YES;
				CLANG_WARN_EMPTY_BODY = YES;
				CLANG_WARN_ENUM_CONVERSION = YES;
				CLANG_WARN_INFINITE_RECURSION = YES;
				CLANG_WARN_INT_CONVERSION = YES;
				CLANG_WARN_NON_LITERAL_NULL_CONVERSION = YES;
				CLANG_WARN_OBJC_IMPLICIT_RETAIN_SELF = YES;
				CLANG_WARN_OBJC_LITERAL_CONVERSION = YES;
				CLANG_WARN_OBJC_ROOT_CLASS = YES_ERROR;
				CLANG_WARN_QUOTED_INCLUDE_IN_FRAMEWORK_HEADER = YES;
				CLANG_WARN_RANGE_LOOP_ANALYSIS = YES;
				CLANG_WARN_STRICT_PROTOTYPES = YES;
				CLANG_WARN_SUSPICIOUS_MOVE = YES;
				CLANG_WARN_UNGUARDED_AVAILABILITY = YES_AGGRESSIVE;
				CLANG_WARN_UNREACHABLE_CODE = YES;
				CLANG_WARN__DUPLICATE_METHOD_MATCH = YES;
				COPY_PHASE_STRIP = NO;
				DEBUG_INFORMATION_FORMAT = "dwarf-with-dsym";
				ENABLE_NS_ASSERTIONS = NO;
				ENABLE_STRICT_OBJC_MSGSEND = YES;
				GCC_C_LANGUAGE_STANDARD = gnu11;
				GCC_NO_COMMON_BLOCKS = YES;
				GCC_WARN_64_TO_32_BIT_CONVERSION = YES;
				GCC_WARN_ABOUT_RETURN_TYPE = YES_ERROR;
				GCC_WARN_UNDECLARED_SELECTOR = YES;
				GCC_WARN_UNINITIALIZED_AUTOS = YES_AGGRESSIVE;
				GCC_WARN_UNUSED_FUNCTION = YES;
				GCC_WARN_UNUSED_VARIABLE = YES;
				MTL_ENABLE_DEBUG_INFO = NO;
				MTL_FAST_MATH = YES;
				SWIFT_COMPILATION_MODE = wholemodule;
				SWIFT_OPTIMIZATION_LEVEL = "-O";
			};
			name = Release;
		};
		E11C59B328F725C200D23048 /* Debug */ = {
			isa = XCBuildConfiguration;
			buildSettings = {
				ASSETCATALOG_COMPILER_APPICON_NAME = AppIcon;
				ASSETCATALOG_COMPILER_GLOBAL_ACCENT_COLOR_NAME = AccentColor;
				CODE_SIGN_STYLE = Automatic;
				CURRENT_PROJECT_VERSION = 1;
				ENABLE_PREVIEWS = YES;
				GENERATE_INFOPLIST_FILE = YES;
				INFOPLIST_KEY_UIApplicationSceneManifest_Generation = YES;
				INFOPLIST_KEY_UIApplicationSupportsIndirectInputEvents = YES;
				INFOPLIST_KEY_UILaunchScreen_Generation = YES;
				INFOPLIST_KEY_UISupportedInterfaceOrientations_iPad = "UIInterfaceOrientationPortrait UIInterfaceOrientationPortraitUpsideDown UIInterfaceOrientationLandscapeLeft UIInterfaceOrientationLandscapeRight";
				INFOPLIST_KEY_UISupportedInterfaceOrientations_iPhone = "UIInterfaceOrientationPortrait UIInterfaceOrientationLandscapeLeft UIInterfaceOrientationLandscapeRight";
				IPHONEOS_DEPLOYMENT_TARGET = 15.5;
				LD_RUNPATH_SEARCH_PATHS = (
					"$(inherited)",
					"@executable_path/Frameworks",
				);
				MARKETING_VERSION = 1.0;
				PRODUCT_BUNDLE_IDENTIFIER = "Team-Otave.CourseOrganizer";
				PRODUCT_NAME = CourseOrganizer;
				SDKROOT = iphoneos;
				SWIFT_EMIT_LOC_STRINGS = YES;
				SWIFT_VERSION = 5.0;
				TARGETED_DEVICE_FAMILY = "1,2";
			};
			name = Debug;
		};
		E11C59B428F725C200D23048 /* Release */ = {
			isa = XCBuildConfiguration;
			buildSettings = {
				ASSETCATALOG_COMPILER_APPICON_NAME = AppIcon;
				ASSETCATALOG_COMPILER_GLOBAL_ACCENT_COLOR_NAME = AccentColor;
				CODE_SIGN_STYLE = Automatic;
				CURRENT_PROJECT_VERSION = 1;
				ENABLE_PREVIEWS = YES;
				GENERATE_INFOPLIST_FILE = YES;
				INFOPLIST_KEY_UIApplicationSceneManifest_Generation = YES;
				INFOPLIST_KEY_UIApplicationSupportsIndirectInputEvents = YES;
				INFOPLIST_KEY_UILaunchScreen_Generation = YES;
				INFOPLIST_KEY_UISupportedInterfaceOrientations_iPad = "UIInterfaceOrientationPortrait UIInterfaceOrientationPortraitUpsideDown UIInterfaceOrientationLandscapeLeft UIInterfaceOrientationLandscapeRight";
				INFOPLIST_KEY_UISupportedInterfaceOrientations_iPhone = "UIInterfaceOrientationPortrait UIInterfaceOrientationLandscapeLeft UIInterfaceOrientationLandscapeRight";
				IPHONEOS_DEPLOYMENT_TARGET = 15.5;
				LD_RUNPATH_SEARCH_PATHS = (
					"$(inherited)",
					"@executable_path/Frameworks",
				);
				MARKETING_VERSION = 1.0;
				PRODUCT_BUNDLE_IDENTIFIER = "Team-Otave.CourseOrganizer";
				PRODUCT_NAME = CourseOrganizer;
				SDKROOT = iphoneos;
				SWIFT_EMIT_LOC_STRINGS = YES;
				SWIFT_VERSION = 5.0;
				TARGETED_DEVICE_FAMILY = "1,2";
				VALIDATE_PRODUCT = YES;
			};
			name = Release;
		};
		E11C59B628F725C200D23048 /* Debug */ = {
			isa = XCBuildConfiguration;
			buildSettings = {
				ASSETCATALOG_COMPILER_APPICON_NAME = AppIcon;
				ASSETCATALOG_COMPILER_GLOBAL_ACCENT_COLOR_NAME = AccentColor;
				CODE_SIGN_ENTITLEMENTS = macOS/macOS.entitlements;
				CODE_SIGN_STYLE = Automatic;
				COMBINE_HIDPI_IMAGES = YES;
				CURRENT_PROJECT_VERSION = 1;
				ENABLE_PREVIEWS = YES;
				GENERATE_INFOPLIST_FILE = YES;
				INFOPLIST_KEY_NSHumanReadableCopyright = "";
				LD_RUNPATH_SEARCH_PATHS = (
					"$(inherited)",
					"@executable_path/../Frameworks",
				);
				MACOSX_DEPLOYMENT_TARGET = 12.3;
				MARKETING_VERSION = 1.0;
				PRODUCT_BUNDLE_IDENTIFIER = "Team-Otave.CourseOrganizer";
				PRODUCT_NAME = CourseOrganizer;
				SDKROOT = macosx;
				SWIFT_EMIT_LOC_STRINGS = YES;
				SWIFT_VERSION = 5.0;
			};
			name = Debug;
		};
		E11C59B728F725C200D23048 /* Release */ = {
			isa = XCBuildConfiguration;
			buildSettings = {
				ASSETCATALOG_COMPILER_APPICON_NAME = AppIcon;
				ASSETCATALOG_COMPILER_GLOBAL_ACCENT_COLOR_NAME = AccentColor;
				CODE_SIGN_ENTITLEMENTS = macOS/macOS.entitlements;
				CODE_SIGN_STYLE = Automatic;
				COMBINE_HIDPI_IMAGES = YES;
				CURRENT_PROJECT_VERSION = 1;
				ENABLE_PREVIEWS = YES;
				GENERATE_INFOPLIST_FILE = YES;
				INFOPLIST_KEY_NSHumanReadableCopyright = "";
				LD_RUNPATH_SEARCH_PATHS = (
					"$(inherited)",
					"@executable_path/../Frameworks",
				);
				MACOSX_DEPLOYMENT_TARGET = 12.3;
				MARKETING_VERSION = 1.0;
				PRODUCT_BUNDLE_IDENTIFIER = "Team-Otave.CourseOrganizer";
				PRODUCT_NAME = CourseOrganizer;
				SDKROOT = macosx;
				SWIFT_EMIT_LOC_STRINGS = YES;
				SWIFT_VERSION = 5.0;
			};
			name = Release;
		};
		E11C59B928F725C200D23048 /* Debug */ = {
			isa = XCBuildConfiguration;
			buildSettings = {
				ALWAYS_EMBED_SWIFT_STANDARD_LIBRARIES = YES;
				CODE_SIGN_STYLE = Automatic;
				CURRENT_PROJECT_VERSION = 1;
				GENERATE_INFOPLIST_FILE = YES;
				IPHONEOS_DEPLOYMENT_TARGET = 15.5;
				MARKETING_VERSION = 1.0;
				PRODUCT_BUNDLE_IDENTIFIER = "Team-Otave.Tests-iOS";
				PRODUCT_NAME = "$(TARGET_NAME)";
				SDKROOT = iphoneos;
				SWIFT_EMIT_LOC_STRINGS = NO;
				SWIFT_VERSION = 5.0;
				TARGETED_DEVICE_FAMILY = "1,2";
				TEST_TARGET_NAME = "CourseOrganizer (iOS)";
			};
			name = Debug;
		};
		E11C59BA28F725C200D23048 /* Release */ = {
			isa = XCBuildConfiguration;
			buildSettings = {
				ALWAYS_EMBED_SWIFT_STANDARD_LIBRARIES = YES;
				CODE_SIGN_STYLE = Automatic;
				CURRENT_PROJECT_VERSION = 1;
				GENERATE_INFOPLIST_FILE = YES;
				IPHONEOS_DEPLOYMENT_TARGET = 15.5;
				MARKETING_VERSION = 1.0;
				PRODUCT_BUNDLE_IDENTIFIER = "Team-Otave.Tests-iOS";
				PRODUCT_NAME = "$(TARGET_NAME)";
				SDKROOT = iphoneos;
				SWIFT_EMIT_LOC_STRINGS = NO;
				SWIFT_VERSION = 5.0;
				TARGETED_DEVICE_FAMILY = "1,2";
				TEST_TARGET_NAME = "CourseOrganizer (iOS)";
				VALIDATE_PRODUCT = YES;
			};
			name = Release;
		};
		E11C59BC28F725C200D23048 /* Debug */ = {
			isa = XCBuildConfiguration;
			buildSettings = {
				ALWAYS_EMBED_SWIFT_STANDARD_LIBRARIES = YES;
				CODE_SIGN_STYLE = Automatic;
				CURRENT_PROJECT_VERSION = 1;
				GENERATE_INFOPLIST_FILE = YES;
				MACOSX_DEPLOYMENT_TARGET = 12.3;
				MARKETING_VERSION = 1.0;
				PRODUCT_BUNDLE_IDENTIFIER = "Team-Otave.Tests-macOS";
				PRODUCT_NAME = "$(TARGET_NAME)";
				SDKROOT = macosx;
				SWIFT_EMIT_LOC_STRINGS = NO;
				SWIFT_VERSION = 5.0;
				TEST_TARGET_NAME = "CourseOrganizer (macOS)";
			};
			name = Debug;
		};
		E11C59BD28F725C200D23048 /* Release */ = {
			isa = XCBuildConfiguration;
			buildSettings = {
				ALWAYS_EMBED_SWIFT_STANDARD_LIBRARIES = YES;
				CODE_SIGN_STYLE = Automatic;
				CURRENT_PROJECT_VERSION = 1;
				GENERATE_INFOPLIST_FILE = YES;
				MACOSX_DEPLOYMENT_TARGET = 12.3;
				MARKETING_VERSION = 1.0;
				PRODUCT_BUNDLE_IDENTIFIER = "Team-Otave.Tests-macOS";
				PRODUCT_NAME = "$(TARGET_NAME)";
				SDKROOT = macosx;
				SWIFT_EMIT_LOC_STRINGS = NO;
				SWIFT_VERSION = 5.0;
				TEST_TARGET_NAME = "CourseOrganizer (macOS)";
			};
			name = Release;
		};
/* End XCBuildConfiguration section */

/* Begin XCConfigurationList section */
		E11C598028F725C000D23048 /* Build configuration list for PBXProject "CourseOrganizer" */ = {
			isa = XCConfigurationList;
			buildConfigurations = (
				E11C59B028F725C200D23048 /* Debug */,
				E11C59B128F725C200D23048 /* Release */,
			);
			defaultConfigurationIsVisible = 0;
			defaultConfigurationName = Release;
		};
		E11C59B228F725C200D23048 /* Build configuration list for PBXNativeTarget "CourseOrganizer (iOS)" */ = {
			isa = XCConfigurationList;
			buildConfigurations = (
				E11C59B328F725C200D23048 /* Debug */,
				E11C59B428F725C200D23048 /* Release */,
			);
			defaultConfigurationIsVisible = 0;
			defaultConfigurationName = Release;
		};
		E11C59B528F725C200D23048 /* Build configuration list for PBXNativeTarget "CourseOrganizer (macOS)" */ = {
			isa = XCConfigurationList;
			buildConfigurations = (
				E11C59B628F725C200D23048 /* Debug */,
				E11C59B728F725C200D23048 /* Release */,
			);
			defaultConfigurationIsVisible = 0;
			defaultConfigurationName = Release;
		};
		E11C59B828F725C200D23048 /* Build configuration list for PBXNativeTarget "Tests iOS" */ = {
			isa = XCConfigurationList;
			buildConfigurations = (
				E11C59B928F725C200D23048 /* Debug */,
				E11C59BA28F725C200D23048 /* Release */,
			);
			defaultConfigurationIsVisible = 0;
			defaultConfigurationName = Release;
		};
		E11C59BB28F725C200D23048 /* Build configuration list for PBXNativeTarget "Tests macOS" */ = {
			isa = XCConfigurationList;
			buildConfigurations = (
				E11C59BC28F725C200D23048 /* Debug */,
				E11C59BD28F725C200D23048 /* Release */,
			);
			defaultConfigurationIsVisible = 0;
			defaultConfigurationName = Release;
		};
/* End XCConfigurationList section */
	};
	rootObject = E11C597D28F725C000D23048 /* Project object */;
}
