// !$*UTF8*$!
{
	archiveVersion = 1;
	classes = {
	};
	objectVersion = 56;
	objects = {

/* Begin PBXBuildFile section */
		2ADE30E029046B92005CA601 /* CourseOrganizer_UIApp.swift in Sources */ = {isa = PBXBuildFile; fileRef = 2ADE30DF29046B92005CA601 /* CourseOrganizer_UIApp.swift */; };
		2ADE30E229046B92005CA601 /* ContentView.swift in Sources */ = {isa = PBXBuildFile; fileRef = 2ADE30E129046B92005CA601 /* ContentView.swift */; };
		2ADE30E429046B93005CA601 /* Assets.xcassets in Resources */ = {isa = PBXBuildFile; fileRef = 2ADE30E329046B93005CA601 /* Assets.xcassets */; };
		2ADE30E729046B93005CA601 /* Preview Assets.xcassets in Resources */ = {isa = PBXBuildFile; fileRef = 2ADE30E629046B93005CA601 /* Preview Assets.xcassets */; };
		B88F2DD32905EE1500AB9399 /* Credentials.swift in Sources */ = {isa = PBXBuildFile; fileRef = B88F2DD22905EE1500AB9399 /* Credentials.swift */; };
		B88F2DD62905EE5400AB9399 /* APIService.swift in Sources */ = {isa = PBXBuildFile; fileRef = B88F2DD52905EE5400AB9399 /* APIService.swift */; };
		B88F2DD82905EF5700AB9399 /* LoginViewModel.swift in Sources */ = {isa = PBXBuildFile; fileRef = B88F2DD72905EF5700AB9399 /* LoginViewModel.swift */; };
		B88F2DDA2905F08D00AB9399 /* LoginView.swift in Sources */ = {isa = PBXBuildFile; fileRef = B88F2DD92905F08D00AB9399 /* LoginView.swift */; };
		B88F2DDC2905F31700AB9399 /* Authentication.swift in Sources */ = {isa = PBXBuildFile; fileRef = B88F2DDB2905F31700AB9399 /* Authentication.swift */; };
		B88F2DDE290748FE00AB9399 /* RequirementsView.swift in Sources */ = {isa = PBXBuildFile; fileRef = B88F2DDD290748FE00AB9399 /* RequirementsView.swift */; };
		B88F2DE02907491100AB9399 /* FindCoursesView.swift in Sources */ = {isa = PBXBuildFile; fileRef = B88F2DDF2907491100AB9399 /* FindCoursesView.swift */; };
		B88F2DE229074B8C00AB9399 /* InterestedCoursesView.swift in Sources */ = {isa = PBXBuildFile; fileRef = B88F2DE129074B8C00AB9399 /* InterestedCoursesView.swift */; };
		B88F2DE429074BE600AB9399 /* UserView.swift in Sources */ = {isa = PBXBuildFile; fileRef = B88F2DE329074BE600AB9399 /* UserView.swift */; };
		B88F2DE62907521C00AB9399 /* SignUpView.swift in Sources */ = {isa = PBXBuildFile; fileRef = B88F2DE52907521C00AB9399 /* SignUpView.swift */; };
		B88F2DE829075EFE00AB9399 /* UserInfo.swift in Sources */ = {isa = PBXBuildFile; fileRef = B88F2DE729075EFE00AB9399 /* UserInfo.swift */; };
		B88F2DEC29076D3300AB9399 /* UserViewModel.swift in Sources */ = {isa = PBXBuildFile; fileRef = B88F2DEB29076D3300AB9399 /* UserViewModel.swift */; };
		E107886D2906588B00DA5403 /* ViewRouter.swift in Sources */ = {isa = PBXBuildFile; fileRef = E107886C2906588B00DA5403 /* ViewRouter.swift */; };
		E107887129065C0E00DA5403 /* InputCourse.swift in Sources */ = {isa = PBXBuildFile; fileRef = E107887029065C0E00DA5403 /* InputCourse.swift */; };
		E10788732906629400DA5403 /* MainView.swift in Sources */ = {isa = PBXBuildFile; fileRef = E10788722906629400DA5403 /* MainView.swift */; };
/* End PBXBuildFile section */

/* Begin PBXFileReference section */
		2ADE30DC29046B92005CA601 /* CourseOrganizer_UI.app */ = {isa = PBXFileReference; explicitFileType = wrapper.application; includeInIndex = 0; path = CourseOrganizer_UI.app; sourceTree = BUILT_PRODUCTS_DIR; };
		2ADE30DF29046B92005CA601 /* CourseOrganizer_UIApp.swift */ = {isa = PBXFileReference; lastKnownFileType = sourcecode.swift; path = CourseOrganizer_UIApp.swift; sourceTree = "<group>"; };
		2ADE30E129046B92005CA601 /* ContentView.swift */ = {isa = PBXFileReference; lastKnownFileType = sourcecode.swift; path = ContentView.swift; sourceTree = "<group>"; };
		2ADE30E329046B93005CA601 /* Assets.xcassets */ = {isa = PBXFileReference; lastKnownFileType = folder.assetcatalog; path = Assets.xcassets; sourceTree = "<group>"; };
		2ADE30E629046B93005CA601 /* Preview Assets.xcassets */ = {isa = PBXFileReference; lastKnownFileType = folder.assetcatalog; path = "Preview Assets.xcassets"; sourceTree = "<group>"; };
		B88F2DD22905EE1500AB9399 /* Credentials.swift */ = {isa = PBXFileReference; lastKnownFileType = sourcecode.swift; path = Credentials.swift; sourceTree = "<group>"; };
		B88F2DD52905EE5400AB9399 /* APIService.swift */ = {isa = PBXFileReference; lastKnownFileType = sourcecode.swift; path = APIService.swift; sourceTree = "<group>"; };
		B88F2DD72905EF5700AB9399 /* LoginViewModel.swift */ = {isa = PBXFileReference; lastKnownFileType = sourcecode.swift; path = LoginViewModel.swift; sourceTree = "<group>"; };
		B88F2DD92905F08D00AB9399 /* LoginView.swift */ = {isa = PBXFileReference; lastKnownFileType = sourcecode.swift; path = LoginView.swift; sourceTree = "<group>"; };
		B88F2DDB2905F31700AB9399 /* Authentication.swift */ = {isa = PBXFileReference; lastKnownFileType = sourcecode.swift; path = Authentication.swift; sourceTree = "<group>"; };
		B88F2DDD290748FE00AB9399 /* RequirementsView.swift */ = {isa = PBXFileReference; lastKnownFileType = sourcecode.swift; path = RequirementsView.swift; sourceTree = "<group>"; };
		B88F2DDF2907491100AB9399 /* FindCoursesView.swift */ = {isa = PBXFileReference; lastKnownFileType = sourcecode.swift; path = FindCoursesView.swift; sourceTree = "<group>"; };
		B88F2DE129074B8C00AB9399 /* InterestedCoursesView.swift */ = {isa = PBXFileReference; lastKnownFileType = sourcecode.swift; path = InterestedCoursesView.swift; sourceTree = "<group>"; };
		B88F2DE329074BE600AB9399 /* UserView.swift */ = {isa = PBXFileReference; lastKnownFileType = sourcecode.swift; path = UserView.swift; sourceTree = "<group>"; };
		B88F2DE52907521C00AB9399 /* SignUpView.swift */ = {isa = PBXFileReference; lastKnownFileType = sourcecode.swift; path = SignUpView.swift; sourceTree = "<group>"; };
		B88F2DE729075EFE00AB9399 /* UserInfo.swift */ = {isa = PBXFileReference; lastKnownFileType = sourcecode.swift; path = UserInfo.swift; sourceTree = "<group>"; };
		B88F2DEB29076D3300AB9399 /* UserViewModel.swift */ = {isa = PBXFileReference; lastKnownFileType = sourcecode.swift; path = UserViewModel.swift; sourceTree = "<group>"; };
		E107886C2906588B00DA5403 /* ViewRouter.swift */ = {isa = PBXFileReference; lastKnownFileType = sourcecode.swift; path = ViewRouter.swift; sourceTree = "<group>"; };
		E107887029065C0E00DA5403 /* InputCourse.swift */ = {isa = PBXFileReference; lastKnownFileType = sourcecode.swift; path = InputCourse.swift; sourceTree = "<group>"; };
		E10788722906629400DA5403 /* MainView.swift */ = {isa = PBXFileReference; lastKnownFileType = sourcecode.swift; path = MainView.swift; sourceTree = "<group>"; };
/* End PBXFileReference section */

/* Begin PBXFrameworksBuildPhase section */
		2ADE30D929046B92005CA601 /* Frameworks */ = {
			isa = PBXFrameworksBuildPhase;
			buildActionMask = 2147483647;
			files = (
			);
			runOnlyForDeploymentPostprocessing = 0;
		};
/* End PBXFrameworksBuildPhase section */

/* Begin PBXGroup section */
		2ADE30D329046B92005CA601 = {
			isa = PBXGroup;
			children = (
				2ADE30DE29046B92005CA601 /* CourseOrganizer_UI */,
				2ADE30DD29046B92005CA601 /* Products */,
			);
			sourceTree = "<group>";
		};
		2ADE30DD29046B92005CA601 /* Products */ = {
			isa = PBXGroup;
			children = (
				2ADE30DC29046B92005CA601 /* CourseOrganizer_UI.app */,
			);
			name = Products;
			sourceTree = "<group>";
		};
		2ADE30DE29046B92005CA601 /* CourseOrganizer_UI */ = {
			isa = PBXGroup;
			children = (
				B88F2DDB2905F31700AB9399 /* Authentication.swift */,
				B88F2DD42905EE4700AB9399 /* Services */,
				B88F2DD12905EE0700AB9399 /* Models */,
				B88F2DD02905EDF100AB9399 /* Views */,
				2ADE30DF29046B92005CA601 /* CourseOrganizer_UIApp.swift */,
				2ADE30E329046B93005CA601 /* Assets.xcassets */,
				2ADE30E529046B93005CA601 /* Preview Content */,
			);
			path = CourseOrganizer_UI;
			sourceTree = "<group>";
		};
		2ADE30E529046B93005CA601 /* Preview Content */ = {
			isa = PBXGroup;
			children = (
				2ADE30E629046B93005CA601 /* Preview Assets.xcassets */,
			);
			path = "Preview Content";
			sourceTree = "<group>";
		};
		B88F2DD02905EDF100AB9399 /* Views */ = {
			isa = PBXGroup;
			children = (
				2ADE30E129046B92005CA601 /* ContentView.swift */,
				E107886C2906588B00DA5403 /* ViewRouter.swift */,
				B88F2DD92905F08D00AB9399 /* LoginView.swift */,
				E107887029065C0E00DA5403 /* InputCourse.swift */,
				E10788722906629400DA5403 /* MainView.swift */,
				B88F2DDD290748FE00AB9399 /* RequirementsView.swift */,
				B88F2DDF2907491100AB9399 /* FindCoursesView.swift */,
				B88F2DE129074B8C00AB9399 /* InterestedCoursesView.swift */,
				B88F2DE329074BE600AB9399 /* UserView.swift */,
				B88F2DE52907521C00AB9399 /* SignUpView.swift */,
			);
			path = Views;
			sourceTree = "<group>";
		};
		B88F2DD12905EE0700AB9399 /* Models */ = {
			isa = PBXGroup;
			children = (
				B88F2DD22905EE1500AB9399 /* Credentials.swift */,
				B88F2DD72905EF5700AB9399 /* LoginViewModel.swift */,
				B88F2DE729075EFE00AB9399 /* UserInfo.swift */,
				B88F2DEB29076D3300AB9399 /* UserViewModel.swift */,
			);
			path = Models;
			sourceTree = "<group>";
		};
		B88F2DD42905EE4700AB9399 /* Services */ = {
			isa = PBXGroup;
			children = (
				B88F2DD52905EE5400AB9399 /* APIService.swift */,
			);
			path = Services;
			sourceTree = "<group>";
		};
/* End PBXGroup section */

/* Begin PBXNativeTarget section */
		2ADE30DB29046B92005CA601 /* CourseOrganizer_UI */ = {
			isa = PBXNativeTarget;
			buildConfigurationList = 2ADE30EA29046B93005CA601 /* Build configuration list for PBXNativeTarget "CourseOrganizer_UI" */;
			buildPhases = (
				2ADE30D829046B92005CA601 /* Sources */,
				2ADE30D929046B92005CA601 /* Frameworks */,
				2ADE30DA29046B92005CA601 /* Resources */,
			);
			buildRules = (
			);
			dependencies = (
			);
			name = CourseOrganizer_UI;
			productName = CourseOrganizer_UI;
			productReference = 2ADE30DC29046B92005CA601 /* CourseOrganizer_UI.app */;
			productType = "com.apple.product-type.application";
		};
/* End PBXNativeTarget section */

/* Begin PBXProject section */
		2ADE30D429046B92005CA601 /* Project object */ = {
			isa = PBXProject;
			attributes = {
				BuildIndependentTargetsInParallel = 1;
				LastSwiftUpdateCheck = 1400;
				LastUpgradeCheck = 1400;
				TargetAttributes = {
					2ADE30DB29046B92005CA601 = {
						CreatedOnToolsVersion = 14.0.1;
					};
				};
			};
			buildConfigurationList = 2ADE30D729046B92005CA601 /* Build configuration list for PBXProject "CourseOrganizer_UI" */;
			compatibilityVersion = "Xcode 14.0";
			developmentRegion = en;
			hasScannedForEncodings = 0;
			knownRegions = (
				en,
				Base,
			);
			mainGroup = 2ADE30D329046B92005CA601;
			productRefGroup = 2ADE30DD29046B92005CA601 /* Products */;
			projectDirPath = "";
			projectRoot = "";
			targets = (
				2ADE30DB29046B92005CA601 /* CourseOrganizer_UI */,
			);
		};
/* End PBXProject section */

/* Begin PBXResourcesBuildPhase section */
		2ADE30DA29046B92005CA601 /* Resources */ = {
			isa = PBXResourcesBuildPhase;
			buildActionMask = 2147483647;
			files = (
				2ADE30E729046B93005CA601 /* Preview Assets.xcassets in Resources */,
				2ADE30E429046B93005CA601 /* Assets.xcassets in Resources */,
			);
			runOnlyForDeploymentPostprocessing = 0;
		};
/* End PBXResourcesBuildPhase section */

/* Begin PBXSourcesBuildPhase section */
		2ADE30D829046B92005CA601 /* Sources */ = {
			isa = PBXSourcesBuildPhase;
			buildActionMask = 2147483647;
			files = (
				B88F2DDC2905F31700AB9399 /* Authentication.swift in Sources */,
				B88F2DE62907521C00AB9399 /* SignUpView.swift in Sources */,
				B88F2DE229074B8C00AB9399 /* InterestedCoursesView.swift in Sources */,
				E107887129065C0E00DA5403 /* InputCourse.swift in Sources */,
				B88F2DE829075EFE00AB9399 /* UserInfo.swift in Sources */,
				B88F2DDA2905F08D00AB9399 /* LoginView.swift in Sources */,
				E10788732906629400DA5403 /* MainView.swift in Sources */,
				B88F2DE02907491100AB9399 /* FindCoursesView.swift in Sources */,
				B88F2DD32905EE1500AB9399 /* Credentials.swift in Sources */,
				B88F2DDE290748FE00AB9399 /* RequirementsView.swift in Sources */,
				2ADE30E229046B92005CA601 /* ContentView.swift in Sources */,
				B88F2DD62905EE5400AB9399 /* APIService.swift in Sources */,
				B88F2DD82905EF5700AB9399 /* LoginViewModel.swift in Sources */,
				2ADE30E029046B92005CA601 /* CourseOrganizer_UIApp.swift in Sources */,
				B88F2DEC29076D3300AB9399 /* UserViewModel.swift in Sources */,
				E107886D2906588B00DA5403 /* ViewRouter.swift in Sources */,
				B88F2DE429074BE600AB9399 /* UserView.swift in Sources */,
			);
			runOnlyForDeploymentPostprocessing = 0;
		};
/* End PBXSourcesBuildPhase section */

/* Begin XCBuildConfiguration section */
		2ADE30E829046B93005CA601 /* Debug */ = {
			isa = XCBuildConfiguration;
			buildSettings = {
				ALWAYS_SEARCH_USER_PATHS = NO;
				CLANG_ANALYZER_NONNULL = YES;
				CLANG_ANALYZER_NUMBER_OBJECT_CONVERSION = YES_AGGRESSIVE;
				CLANG_CXX_LANGUAGE_STANDARD = "gnu++20";
				CLANG_ENABLE_MODULES = YES;
				CLANG_ENABLE_OBJC_ARC = YES;
				CLANG_ENABLE_OBJC_WEAK = YES;
				CLANG_WARN_BLOCK_CAPTURE_AUTORELEASING = YES;
				CLANG_WARN_BOOL_CONVERSION = YES;
				CLANG_WARN_COMMA = YES;
				CLANG_WARN_CONSTANT_CONVERSION = YES;
				CLANG_WARN_DEPRECATED_OBJC_IMPLEMENTATIONS = YES;
				CLANG_WARN_DIRECT_OBJC_ISA_USAGE = YES_ERROR;
				CLANG_WARN_DOCUMENTATION_COMMENTS = YES;
				CLANG_WARN_EMPTY_BODY = YES;
				CLANG_WARN_ENUM_CONVERSION = YES;
				CLANG_WARN_INFINITE_RECURSION = YES;
				CLANG_WARN_INT_CONVERSION = YES;
				CLANG_WARN_NON_LITERAL_NULL_CONVERSION = YES;
				CLANG_WARN_OBJC_IMPLICIT_RETAIN_SELF = YES;
				CLANG_WARN_OBJC_LITERAL_CONVERSION = YES;
				CLANG_WARN_OBJC_ROOT_CLASS = YES_ERROR;
				CLANG_WARN_QUOTED_INCLUDE_IN_FRAMEWORK_HEADER = YES;
				CLANG_WARN_RANGE_LOOP_ANALYSIS = YES;
				CLANG_WARN_STRICT_PROTOTYPES = YES;
				CLANG_WARN_SUSPICIOUS_MOVE = YES;
				CLANG_WARN_UNGUARDED_AVAILABILITY = YES_AGGRESSIVE;
				CLANG_WARN_UNREACHABLE_CODE = YES;
				CLANG_WARN__DUPLICATE_METHOD_MATCH = YES;
				COPY_PHASE_STRIP = NO;
				DEBUG_INFORMATION_FORMAT = dwarf;
				ENABLE_STRICT_OBJC_MSGSEND = YES;
				ENABLE_TESTABILITY = YES;
				GCC_C_LANGUAGE_STANDARD = gnu11;
				GCC_DYNAMIC_NO_PIC = NO;
				GCC_NO_COMMON_BLOCKS = YES;
				GCC_OPTIMIZATION_LEVEL = 0;
				GCC_PREPROCESSOR_DEFINITIONS = (
					"DEBUG=1",
					"$(inherited)",
				);
				GCC_WARN_64_TO_32_BIT_CONVERSION = YES;
				GCC_WARN_ABOUT_RETURN_TYPE = YES_ERROR;
				GCC_WARN_UNDECLARED_SELECTOR = YES;
				GCC_WARN_UNINITIALIZED_AUTOS = YES_AGGRESSIVE;
				GCC_WARN_UNUSED_FUNCTION = YES;
				GCC_WARN_UNUSED_VARIABLE = YES;
				IPHONEOS_DEPLOYMENT_TARGET = 16.0;
				MTL_ENABLE_DEBUG_INFO = INCLUDE_SOURCE;
				MTL_FAST_MATH = YES;
				ONLY_ACTIVE_ARCH = YES;
				SDKROOT = iphoneos;
				SWIFT_ACTIVE_COMPILATION_CONDITIONS = DEBUG;
				SWIFT_OPTIMIZATION_LEVEL = "-Onone";
			};
			name = Debug;
		};
		2ADE30E929046B93005CA601 /* Release */ = {
			isa = XCBuildConfiguration;
			buildSettings = {
				ALWAYS_SEARCH_USER_PATHS = NO;
				CLANG_ANALYZER_NONNULL = YES;
				CLANG_ANALYZER_NUMBER_OBJECT_CONVERSION = YES_AGGRESSIVE;
				CLANG_CXX_LANGUAGE_STANDARD = "gnu++20";
				CLANG_ENABLE_MODULES = YES;
				CLANG_ENABLE_OBJC_ARC = YES;
				CLANG_ENABLE_OBJC_WEAK = YES;
				CLANG_WARN_BLOCK_CAPTURE_AUTORELEASING = YES;
				CLANG_WARN_BOOL_CONVERSION = YES;
				CLANG_WARN_COMMA = YES;
				CLANG_WARN_CONSTANT_CONVERSION = YES;
				CLANG_WARN_DEPRECATED_OBJC_IMPLEMENTATIONS = YES;
				CLANG_WARN_DIRECT_OBJC_ISA_USAGE = YES_ERROR;
				CLANG_WARN_DOCUMENTATION_COMMENTS = YES;
				CLANG_WARN_EMPTY_BODY = YES;
				CLANG_WARN_ENUM_CONVERSION = YES;
				CLANG_WARN_INFINITE_RECURSION = YES;
				CLANG_WARN_INT_CONVERSION = YES;
				CLANG_WARN_NON_LITERAL_NULL_CONVERSION = YES;
				CLANG_WARN_OBJC_IMPLICIT_RETAIN_SELF = YES;
				CLANG_WARN_OBJC_LITERAL_CONVERSION = YES;
				CLANG_WARN_OBJC_ROOT_CLASS = YES_ERROR;
				CLANG_WARN_QUOTED_INCLUDE_IN_FRAMEWORK_HEADER = YES;
				CLANG_WARN_RANGE_LOOP_ANALYSIS = YES;
				CLANG_WARN_STRICT_PROTOTYPES = YES;
				CLANG_WARN_SUSPICIOUS_MOVE = YES;
				CLANG_WARN_UNGUARDED_AVAILABILITY = YES_AGGRESSIVE;
				CLANG_WARN_UNREACHABLE_CODE = YES;
				CLANG_WARN__DUPLICATE_METHOD_MATCH = YES;
				COPY_PHASE_STRIP = NO;
				DEBUG_INFORMATION_FORMAT = "dwarf-with-dsym";
				ENABLE_NS_ASSERTIONS = NO;
				ENABLE_STRICT_OBJC_MSGSEND = YES;
				GCC_C_LANGUAGE_STANDARD = gnu11;
				GCC_NO_COMMON_BLOCKS = YES;
				GCC_WARN_64_TO_32_BIT_CONVERSION = YES;
				GCC_WARN_ABOUT_RETURN_TYPE = YES_ERROR;
				GCC_WARN_UNDECLARED_SELECTOR = YES;
				GCC_WARN_UNINITIALIZED_AUTOS = YES_AGGRESSIVE;
				GCC_WARN_UNUSED_FUNCTION = YES;
				GCC_WARN_UNUSED_VARIABLE = YES;
				IPHONEOS_DEPLOYMENT_TARGET = 16.0;
				MTL_ENABLE_DEBUG_INFO = NO;
				MTL_FAST_MATH = YES;
				SDKROOT = iphoneos;
				SWIFT_COMPILATION_MODE = wholemodule;
				SWIFT_OPTIMIZATION_LEVEL = "-O";
				VALIDATE_PRODUCT = YES;
			};
			name = Release;
		};
		2ADE30EB29046B93005CA601 /* Debug */ = {
			isa = XCBuildConfiguration;
			buildSettings = {
				ASSETCATALOG_COMPILER_APPICON_NAME = AppIcon;
				ASSETCATALOG_COMPILER_GLOBAL_ACCENT_COLOR_NAME = AccentColor;
				CODE_SIGN_STYLE = Automatic;
				CURRENT_PROJECT_VERSION = 1;
				DEVELOPMENT_ASSET_PATHS = "\"CourseOrganizer_UI/Preview Content\"";
				ENABLE_PREVIEWS = YES;
				GENERATE_INFOPLIST_FILE = YES;
				INFOPLIST_KEY_UIApplicationSceneManifest_Generation = YES;
				INFOPLIST_KEY_UIApplicationSupportsIndirectInputEvents = YES;
				INFOPLIST_KEY_UILaunchScreen_Generation = YES;
				INFOPLIST_KEY_UISupportedInterfaceOrientations_iPad = "UIInterfaceOrientationPortrait UIInterfaceOrientationPortraitUpsideDown UIInterfaceOrientationLandscapeLeft UIInterfaceOrientationLandscapeRight";
				INFOPLIST_KEY_UISupportedInterfaceOrientations_iPhone = "UIInterfaceOrientationPortrait UIInterfaceOrientationLandscapeLeft UIInterfaceOrientationLandscapeRight";
				LD_RUNPATH_SEARCH_PATHS = (
					"$(inherited)",
					"@executable_path/Frameworks",
				);
				MARKETING_VERSION = 1.0;
				PRODUCT_BUNDLE_IDENTIFIER = "com.Myself.CourseOrganizer-UI";
				PRODUCT_NAME = "$(TARGET_NAME)";
				SWIFT_EMIT_LOC_STRINGS = YES;
				SWIFT_VERSION = 5.0;
				TARGETED_DEVICE_FAMILY = "1,2";
			};
			name = Debug;
		};
		2ADE30EC29046B93005CA601 /* Release */ = {
			isa = XCBuildConfiguration;
			buildSettings = {
				ASSETCATALOG_COMPILER_APPICON_NAME = AppIcon;
				ASSETCATALOG_COMPILER_GLOBAL_ACCENT_COLOR_NAME = AccentColor;
				CODE_SIGN_STYLE = Automatic;
				CURRENT_PROJECT_VERSION = 1;
				DEVELOPMENT_ASSET_PATHS = "\"CourseOrganizer_UI/Preview Content\"";
				ENABLE_PREVIEWS = YES;
				GENERATE_INFOPLIST_FILE = YES;
				INFOPLIST_KEY_UIApplicationSceneManifest_Generation = YES;
				INFOPLIST_KEY_UIApplicationSupportsIndirectInputEvents = YES;
				INFOPLIST_KEY_UILaunchScreen_Generation = YES;
				INFOPLIST_KEY_UISupportedInterfaceOrientations_iPad = "UIInterfaceOrientationPortrait UIInterfaceOrientationPortraitUpsideDown UIInterfaceOrientationLandscapeLeft UIInterfaceOrientationLandscapeRight";
				INFOPLIST_KEY_UISupportedInterfaceOrientations_iPhone = "UIInterfaceOrientationPortrait UIInterfaceOrientationLandscapeLeft UIInterfaceOrientationLandscapeRight";
				LD_RUNPATH_SEARCH_PATHS = (
					"$(inherited)",
					"@executable_path/Frameworks",
				);
				MARKETING_VERSION = 1.0;
				PRODUCT_BUNDLE_IDENTIFIER = "com.Myself.CourseOrganizer-UI";
				PRODUCT_NAME = "$(TARGET_NAME)";
				SWIFT_EMIT_LOC_STRINGS = YES;
				SWIFT_VERSION = 5.0;
				TARGETED_DEVICE_FAMILY = "1,2";
			};
			name = Release;
		};
/* End XCBuildConfiguration section */

/* Begin XCConfigurationList section */
		2ADE30D729046B92005CA601 /* Build configuration list for PBXProject "CourseOrganizer_UI" */ = {
			isa = XCConfigurationList;
			buildConfigurations = (
				2ADE30E829046B93005CA601 /* Debug */,
				2ADE30E929046B93005CA601 /* Release */,
			);
			defaultConfigurationIsVisible = 0;
			defaultConfigurationName = Release;
		};
		2ADE30EA29046B93005CA601 /* Build configuration list for PBXNativeTarget "CourseOrganizer_UI" */ = {
			isa = XCConfigurationList;
			buildConfigurations = (
				2ADE30EB29046B93005CA601 /* Debug */,
				2ADE30EC29046B93005CA601 /* Release */,
			);
			defaultConfigurationIsVisible = 0;
			defaultConfigurationName = Release;
		};
/* End XCConfigurationList section */
	};
	rootObject = 2ADE30D429046B92005CA601 /* Project object */;
}
